<?xml version="1.0" encoding="utf-8"?>
<Project ToolsVersion="4.0" xmlns="http://schemas.microsoft.com/developer/msbuild/2003">
  <ItemGroup>
    <Filter Include="リソース ファイル">
      <UniqueIdentifier>{67DA6AB6-F800-4c08-8B7A-83BB121AAD01}</UniqueIdentifier>
      <Extensions>rc;ico;cur;bmp;dlg;rc2;rct;bin;rgs;gif;jpg;jpeg;jpe;resx;tiff;tif;png;wav;mfcribbon-ms</Extensions>
    </Filter>
    <Filter Include="01_Shader">
      <UniqueIdentifier>{4fbba90a-f2c5-4d5f-b12e-9c99fe92afc7}</UniqueIdentifier>
    </Filter>
    <Filter Include="02_Renderer">
      <UniqueIdentifier>{7c371ff8-d9db-48d9-bb81-9ec60d957e4b}</UniqueIdentifier>
    </Filter>
    <Filter Include="03_Physics">
      <UniqueIdentifier>{958da9ca-a011-42ff-8478-161627fc8c8f}</UniqueIdentifier>
    </Filter>
    <Filter Include="04_Particle">
      <UniqueIdentifier>{6067f7ed-475f-4650-a671-cab271b72649}</UniqueIdentifier>
    </Filter>
    <Filter Include="05_Input">
      <UniqueIdentifier>{1b52bba5-4652-4594-8bda-601bf4db2aba}</UniqueIdentifier>
    </Filter>
    <Filter Include="06_Entity">
      <UniqueIdentifier>{ff273a4f-3dac-44fe-8cbe-9bdba6b0160f}</UniqueIdentifier>
    </Filter>
    <Filter Include="07_Math">
      <UniqueIdentifier>{721957aa-50bb-4d3d-92fb-fbbc684e5c7f}</UniqueIdentifier>
    </Filter>
    <Filter Include="08_Scene">
      <UniqueIdentifier>{5867ba2c-4704-4525-a8f5-20bfb1c1f8a4}</UniqueIdentifier>
    </Filter>
    <Filter Include="09_Component">
      <UniqueIdentifier>{6e6c2121-d824-4cb2-a2b4-6919adaedc21}</UniqueIdentifier>
    </Filter>
    <Filter Include="10_Object">
      <UniqueIdentifier>{77a51dbd-e5e7-4aeb-b0e5-21da1abcd418}</UniqueIdentifier>
    </Filter>
    <Filter Include="11_Title">
      <UniqueIdentifier>{da2ea428-5631-471e-a278-642e2523c6ee}</UniqueIdentifier>
    </Filter>
    <Filter Include="12_Game">
      <UniqueIdentifier>{0b3371dd-562c-41e8-9d0e-0065f61047ec}</UniqueIdentifier>
    </Filter>
    <Filter Include="02_Renderer\ヘッダーファイル">
      <UniqueIdentifier>{1491bb64-775b-4029-b82a-ef1e03ce3fd4}</UniqueIdentifier>
    </Filter>
    <Filter Include="02_Renderer\ソースファイル">
      <UniqueIdentifier>{24f26d25-c39e-4fce-bda9-dda45af37d4f}</UniqueIdentifier>
    </Filter>
    <Filter Include="03_Physics\ヘッダーファイル">
      <UniqueIdentifier>{6a44e414-834a-49da-b309-f21fc906b625}</UniqueIdentifier>
    </Filter>
    <Filter Include="03_Physics\ソースファイル">
      <UniqueIdentifier>{ca0952d1-ed5f-47d5-a930-a185b77eb79d}</UniqueIdentifier>
    </Filter>
    <Filter Include="04_Particle\ヘッダーファイル">
      <UniqueIdentifier>{f0cf3c2d-0ca9-42ed-928f-8f1963c78a3e}</UniqueIdentifier>
    </Filter>
    <Filter Include="04_Particle\ソースファイル">
      <UniqueIdentifier>{89168c0d-ed63-485d-8702-16f026d46365}</UniqueIdentifier>
    </Filter>
    <Filter Include="04_Particle\ヘッダーファイル\core">
      <UniqueIdentifier>{93c18c98-78b4-4b22-b7b5-6a7fc239a461}</UniqueIdentifier>
    </Filter>
    <Filter Include="04_Particle\ヘッダーファイル\module">
      <UniqueIdentifier>{4fd78cc6-1d68-4d36-93ea-909488ff4443}</UniqueIdentifier>
    </Filter>
    <Filter Include="04_Particle\ヘッダーファイル\shape">
      <UniqueIdentifier>{0067c5c8-1deb-4fde-bb4d-d88d2f6ce833}</UniqueIdentifier>
    </Filter>
    <Filter Include="05_Input\ヘッダーファイル">
      <UniqueIdentifier>{84a3682c-50a0-4aab-8119-4a9c67c318dc}</UniqueIdentifier>
    </Filter>
    <Filter Include="05_Input\ソースファイル">
      <UniqueIdentifier>{9a5deaba-7374-4e52-bf7f-5c4f2ba48c57}</UniqueIdentifier>
    </Filter>
    <Filter Include="08_Scene\ヘッダーファイル">
      <UniqueIdentifier>{b3b8e83f-8329-49ce-b7e4-de47929d5bcd}</UniqueIdentifier>
    </Filter>
    <Filter Include="08_Scene\ソースファイル">
      <UniqueIdentifier>{86b21932-c8c7-49f7-97e4-5e9412445e84}</UniqueIdentifier>
    </Filter>
    <Filter Include="09_Component\renderer">
      <UniqueIdentifier>{3a556ac5-4d8d-4d1f-bca7-e86fe4f8b4f3}</UniqueIdentifier>
    </Filter>
    <Filter Include="09_Component\common">
      <UniqueIdentifier>{78e4436d-7647-45fa-84b3-2a67ea3a4c90}</UniqueIdentifier>
    </Filter>
    <Filter Include="09_Component\common\ヘッダーファイル">
      <UniqueIdentifier>{e4435931-d1d3-4ba8-a57f-9c728a612230}</UniqueIdentifier>
    </Filter>
    <Filter Include="09_Component\common\ソースファイル">
      <UniqueIdentifier>{1ea36b99-5bb3-4039-809e-5730f704e737}</UniqueIdentifier>
    </Filter>
    <Filter Include="09_Component\renderer\ヘッダーファイル">
      <UniqueIdentifier>{ccf9ffa0-9f20-4b73-a06a-c11064dd24ed}</UniqueIdentifier>
    </Filter>
    <Filter Include="09_Component\renderer\ソースファイル">
      <UniqueIdentifier>{9427ffdf-6e7a-4074-9584-ee9cc9201095}</UniqueIdentifier>
    </Filter>
    <Filter Include="10_Object\common">
      <UniqueIdentifier>{f4a3571c-492b-45f8-99ea-b69a6de144eb}</UniqueIdentifier>
    </Filter>
    <Filter Include="10_Object\particle">
      <UniqueIdentifier>{60b5ed49-b81c-4ad6-84a0-64aa1cd59511}</UniqueIdentifier>
    </Filter>
    <Filter Include="10_Object\common\ヘッダーファイル">
      <UniqueIdentifier>{eaefb228-82f2-498b-aa76-9e9d36d19856}</UniqueIdentifier>
    </Filter>
    <Filter Include="10_Object\common\ソースファイル">
      <UniqueIdentifier>{e3b090f9-7362-4530-b85d-ec0125633930}</UniqueIdentifier>
    </Filter>
    <Filter Include="10_Object\particle\ヘッダーファイル">
      <UniqueIdentifier>{3d1dd32e-f12c-4ede-a1d0-7c34273ccabb}</UniqueIdentifier>
    </Filter>
    <Filter Include="10_Object\particle\ソースファイル">
      <UniqueIdentifier>{2a592dcf-1be8-453a-9510-0a7ce6f43d4f}</UniqueIdentifier>
    </Filter>
    <Filter Include="11_Title\object">
      <UniqueIdentifier>{3e654025-d412-4687-9a0b-7c50a03557ae}</UniqueIdentifier>
    </Filter>
    <Filter Include="11_Title\component">
      <UniqueIdentifier>{a07d34a6-4e0b-4ba8-be2b-c048189423f5}</UniqueIdentifier>
    </Filter>
    <Filter Include="11_Title\object\ヘッダーファイル">
      <UniqueIdentifier>{d2a55992-b0ae-40fc-94af-a4a914945a2f}</UniqueIdentifier>
    </Filter>
    <Filter Include="11_Title\object\ソースファイル">
      <UniqueIdentifier>{7e3ad7fe-8ad8-4f4b-8a95-7ad31756427b}</UniqueIdentifier>
    </Filter>
    <Filter Include="11_Title\component\ヘッダーファイル">
      <UniqueIdentifier>{de747444-93c2-4277-8e71-45aef178c5c6}</UniqueIdentifier>
    </Filter>
    <Filter Include="11_Title\component\ソースファイル">
      <UniqueIdentifier>{31665ee1-2d25-49d9-a88c-1525a54933de}</UniqueIdentifier>
    </Filter>
    <Filter Include="12_Game\component">
      <UniqueIdentifier>{936d7728-2d95-4065-96a1-b5e6c87775ab}</UniqueIdentifier>
    </Filter>
    <Filter Include="12_Game\object">
      <UniqueIdentifier>{2b9d5c0f-2485-4aae-9883-35305bdecba5}</UniqueIdentifier>
    </Filter>
    <Filter Include="12_Game\header">
      <UniqueIdentifier>{9c4fce05-28ea-4a1a-b10b-22fb81b4cb53}</UniqueIdentifier>
    </Filter>
    <Filter Include="12_Game\system">
      <UniqueIdentifier>{7d541370-a3da-4f16-a17e-2aec7d3320b9}</UniqueIdentifier>
    </Filter>
    <Filter Include="12_Game\component\ヘッダーファイル">
      <UniqueIdentifier>{8fb94cdf-c50b-441b-aef2-04c2e07d365a}</UniqueIdentifier>
    </Filter>
    <Filter Include="12_Game\component\ソースファイル">
      <UniqueIdentifier>{52234271-99ce-4e6e-8278-91133e0b826a}</UniqueIdentifier>
    </Filter>
    <Filter Include="12_Game\object\ヘッダーファイル">
      <UniqueIdentifier>{0a03b99a-d7d2-4f82-9aee-cd3c24c3887c}</UniqueIdentifier>
    </Filter>
    <Filter Include="12_Game\object\ソースファイル">
      <UniqueIdentifier>{7b9b4416-df4b-488c-a508-114829ef5c7a}</UniqueIdentifier>
    </Filter>
    <Filter Include="13_Result">
      <UniqueIdentifier>{b7503dbd-1940-46e5-9edc-13d2d901a2e7}</UniqueIdentifier>
    </Filter>
    <Filter Include="13_Result\component">
      <UniqueIdentifier>{9de93a0b-1ad6-437c-b9ed-4a58e2beeace}</UniqueIdentifier>
    </Filter>
    <Filter Include="13_Result\object">
      <UniqueIdentifier>{05850a5d-3689-4ca9-9cc9-50737e61f065}</UniqueIdentifier>
    </Filter>
    <Filter Include="13_Result\component\ヘッダーファイル">
      <UniqueIdentifier>{84b32c07-d554-4854-9a82-69badca2161b}</UniqueIdentifier>
    </Filter>
    <Filter Include="13_Result\component\ソースファイル">
      <UniqueIdentifier>{c06fef7e-0691-463b-a66a-a3fe6ca7c1ac}</UniqueIdentifier>
    </Filter>
    <Filter Include="13_Result\object\ヘッダーファイル">
      <UniqueIdentifier>{351fda49-4d03-425f-82c9-b62eac0e05f5}</UniqueIdentifier>
    </Filter>
    <Filter Include="13_Result\object\ソースファイル">
      <UniqueIdentifier>{8c32fe04-ffb8-4545-909d-b3efc22aaf67}</UniqueIdentifier>
    </Filter>
    <Filter Include="14_Tutorial">
      <UniqueIdentifier>{5a1db1ee-22c1-42f2-9cec-956a1a65c366}</UniqueIdentifier>
    </Filter>
    <Filter Include="14_Tutorial\component">
      <UniqueIdentifier>{2f5d5f86-09c2-4bd4-92bc-a44234a3e15a}</UniqueIdentifier>
    </Filter>
    <Filter Include="14_Tutorial\object">
      <UniqueIdentifier>{2238e28d-0ac5-4781-912c-c18475d05621}</UniqueIdentifier>
    </Filter>
    <Filter Include="14_Tutorial\component\ヘッダーファイル">
      <UniqueIdentifier>{1f197da3-bdce-4583-97cf-3639deac540f}</UniqueIdentifier>
    </Filter>
    <Filter Include="14_Tutorial\component\ソースファイル">
      <UniqueIdentifier>{0ce32ccf-10df-476d-81db-6ed299979ff2}</UniqueIdentifier>
    </Filter>
    <Filter Include="14_Tutorial\object\ヘッダーファイル">
      <UniqueIdentifier>{d57b633f-de1e-4984-ab49-0c56376bb464}</UniqueIdentifier>
    </Filter>
    <Filter Include="14_Tutorial\object\ソースファイル">
      <UniqueIdentifier>{898e3c32-421d-4be7-9d80-461dd5eb2685}</UniqueIdentifier>
    </Filter>
    <Filter Include="14_Tutorial\header">
      <UniqueIdentifier>{4a8a935c-5b4f-469d-9611-cacbe256230f}</UniqueIdentifier>
    </Filter>
    <Filter Include="99_ImGui">
      <UniqueIdentifier>{54e07167-18a9-4f50-aad9-8fe19cf60f90}</UniqueIdentifier>
    </Filter>
    <Filter Include="99_ImGui\ヘッダーファイル">
      <UniqueIdentifier>{c15a99b4-8dfd-4c7e-bebd-d2e256e6d8b5}</UniqueIdentifier>
    </Filter>
    <Filter Include="99_ImGui\ソースファイル">
      <UniqueIdentifier>{7610e5e3-779b-4634-99ed-da4b4c8b8bcd}</UniqueIdentifier>
    </Filter>
    <Filter Include="03_Physics\Joint">
      <UniqueIdentifier>{3f7a44ef-2b84-467c-a9a9-da6e525face7}</UniqueIdentifier>
    </Filter>
    <Filter Include="03_Physics\Joint\ヘッダーファイル">
      <UniqueIdentifier>{505dda0d-7fdc-4fb2-8625-4ccc0c58f04d}</UniqueIdentifier>
    </Filter>
    <Filter Include="03_Physics\Joint\ソースファイル">
      <UniqueIdentifier>{f2833e5a-31eb-4893-9a56-f6d63cd9b714}</UniqueIdentifier>
    </Filter>
  </ItemGroup>
  <ItemGroup>
    <ClInclude Include="include\renderer\CameraSystem.h">
      <Filter>02_Renderer\ヘッダーファイル</Filter>
    </ClInclude>
    <ClInclude Include="include\renderer\LightDesc.h">
      <Filter>02_Renderer\ヘッダーファイル</Filter>
    </ClInclude>
    <ClInclude Include="include\renderer\LSystem.h">
      <Filter>02_Renderer\ヘッダーファイル</Filter>
    </ClInclude>
    <ClInclude Include="include\renderer\LightManager.h">
      <Filter>02_Renderer\ヘッダーファイル</Filter>
    </ClInclude>
    <ClInclude Include="include\renderer\Material.h">
      <Filter>02_Renderer\ヘッダーファイル</Filter>
    </ClInclude>
    <ClInclude Include="include\renderer\MaterialManager.h">
      <Filter>02_Renderer\ヘッダーファイル</Filter>
    </ClInclude>
    <ClInclude Include="include\renderer\MeshFactory.h">
      <Filter>02_Renderer\ヘッダーファイル</Filter>
    </ClInclude>
    <ClInclude Include="include\renderer\MeshRendererData.h">
      <Filter>02_Renderer\ヘッダーファイル</Filter>
    </ClInclude>
    <ClInclude Include="include\renderer\ModelRenderer.h">
      <Filter>02_Renderer\ヘッダーファイル</Filter>
    </ClInclude>
    <ClInclude Include="include\renderer\Renderer.h">
      <Filter>02_Renderer\ヘッダーファイル</Filter>
    </ClInclude>
    <ClInclude Include="include\renderer\RenderTarget.h">
      <Filter>02_Renderer\ヘッダーファイル</Filter>
    </ClInclude>
    <ClInclude Include="include\renderer\ShaderManager.h">
      <Filter>02_Renderer\ヘッダーファイル</Filter>
    </ClInclude>
    <ClInclude Include="include\renderer\TextureManager.h">
      <Filter>02_Renderer\ヘッダーファイル</Filter>
    </ClInclude>
    <ClInclude Include="include\renderer\TreeGenerator.h">
      <Filter>02_Renderer\ヘッダーファイル</Filter>
    </ClInclude>
    <ClInclude Include="include\physics\AABB3D.h">
      <Filter>03_Physics\ヘッダーファイル</Filter>
    </ClInclude>
    <ClInclude Include="include\physics\BoxCollider3D.h">
      <Filter>03_Physics\ヘッダーファイル</Filter>
    </ClInclude>
    <ClInclude Include="include\physics\CapsuleCollider3D.h">
      <Filter>03_Physics\ヘッダーファイル</Filter>
    </ClInclude>
    <ClInclude Include="include\physics\Collider3D.h">
      <Filter>03_Physics\ヘッダーファイル</Filter>
    </ClInclude>
    <ClInclude Include="include\physics\ContactManager.h">
      <Filter>03_Physics\ヘッダーファイル</Filter>
    </ClInclude>
    <ClInclude Include="include\physics\ICollisionListener.h">
      <Filter>03_Physics\ヘッダーファイル</Filter>
    </ClInclude>
    <ClInclude Include="include\physics\ITriggerListener.h">
      <Filter>03_Physics\ヘッダーファイル</Filter>
    </ClInclude>
    <ClInclude Include="include\physics\MeshCollider3D.h">
      <Filter>03_Physics\ヘッダーファイル</Filter>
    </ClInclude>
    <ClInclude Include="include\physics\Physics3D.h">
      <Filter>03_Physics\ヘッダーファイル</Filter>
    </ClInclude>
    <ClInclude Include="include\physics\PhysicsBroadPhase3D.h">
      <Filter>03_Physics\ヘッダーファイル</Filter>
    </ClInclude>
    <ClInclude Include="include\physics\PhysicsContact3D.h">
      <Filter>03_Physics\ヘッダーファイル</Filter>
    </ClInclude>
    <ClInclude Include="include\physics\PhysicsContactEvent3D.h">
      <Filter>03_Physics\ヘッダーファイル</Filter>
    </ClInclude>
    <ClInclude Include="include\physics\PhysicsContactManifold3D.h">
      <Filter>03_Physics\ヘッダーファイル</Filter>
    </ClInclude>
    <ClInclude Include="include\physics\PhysicsContactSolver3D.h">
      <Filter>03_Physics\ヘッダーファイル</Filter>
    </ClInclude>
    <ClInclude Include="include\physics\PhysicsDebugDraw3D.h">
      <Filter>03_Physics\ヘッダーファイル</Filter>
    </ClInclude>
    <ClInclude Include="include\physics\PhysicsNarrowPhase3D.h">
      <Filter>03_Physics\ヘッダーファイル</Filter>
    </ClInclude>
    <ClInclude Include="include\physics\PhysicsQuery3D.h">
      <Filter>03_Physics\ヘッダーファイル</Filter>
    </ClInclude>
    <ClInclude Include="include\physics\PhysicsRigidBodyRegistry3D.h">
      <Filter>03_Physics\ヘッダーファイル</Filter>
    </ClInclude>
    <ClInclude Include="include\physics\PhysicsSolver3D.h">
      <Filter>03_Physics\ヘッダーファイル</Filter>
    </ClInclude>
    <ClInclude Include="include\physics\Ray.h">
      <Filter>03_Physics\ヘッダーファイル</Filter>
    </ClInclude>
    <ClInclude Include="include\physics\RigidBody.h">
      <Filter>03_Physics\ヘッダーファイル</Filter>
    </ClInclude>
    <ClInclude Include="include\physics\SphereCollider.h">
      <Filter>03_Physics\ヘッダーファイル</Filter>
    </ClInclude>
    <ClInclude Include="include\particle\core\ComUniquePtr.h">
      <Filter>04_Particle\ヘッダーファイル\core</Filter>
    </ClInclude>
    <ClInclude Include="include\particle\core\Particle.h">
      <Filter>04_Particle\ヘッダーファイル\core</Filter>
    </ClInclude>
    <ClInclude Include="include\particle\core\ParticleEmitter.h">
      <Filter>04_Particle\ヘッダーファイル\core</Filter>
    </ClInclude>
    <ClInclude Include="include\particle\core\ParticleRenderer.h">
      <Filter>04_Particle\ヘッダーファイル\core</Filter>
    </ClInclude>
    <ClInclude Include="include\particle\core\ParticleSystemComponent.h">
      <Filter>04_Particle\ヘッダーファイル\core</Filter>
    </ClInclude>
    <ClInclude Include="include\particle\module\ColorOverLifetimeModule.h">
      <Filter>04_Particle\ヘッダーファイル\module</Filter>
    </ClInclude>
    <ClInclude Include="include\particle\module\GravityModule.h">
      <Filter>04_Particle\ヘッダーファイル\module</Filter>
    </ClInclude>
    <ClInclude Include="include\particle\module\LimitVelocityOverLifetimeModule.h">
      <Filter>04_Particle\ヘッダーファイル\module</Filter>
    </ClInclude>
    <ClInclude Include="include\particle\module\NoiseModule.h">
      <Filter>04_Particle\ヘッダーファイル\module</Filter>
    </ClInclude>
    <ClInclude Include="include\particle\module\NoiseModule3D.h">
      <Filter>04_Particle\ヘッダーファイル\module</Filter>
    </ClInclude>
    <ClInclude Include="include\particle\module\ParticleModule.h">
      <Filter>04_Particle\ヘッダーファイル\module</Filter>
    </ClInclude>
    <ClInclude Include="include\particle\module\RotationOverLifetimeModule.h">
      <Filter>04_Particle\ヘッダーファイル\module</Filter>
    </ClInclude>
    <ClInclude Include="include\particle\module\SizeOverLifetimeModule.h">
      <Filter>04_Particle\ヘッダーファイル\module</Filter>
    </ClInclude>
    <ClInclude Include="include\particle\module\SubEmitterModule.h">
      <Filter>04_Particle\ヘッダーファイル\module</Filter>
    </ClInclude>
    <ClInclude Include="include\particle\module\TextureSheetAnimationModule.h">
      <Filter>04_Particle\ヘッダーファイル\module</Filter>
    </ClInclude>
    <ClInclude Include="include\particle\module\VelocityOverLifeTimeModule.h">
      <Filter>04_Particle\ヘッダーファイル\module</Filter>
    </ClInclude>
    <ClInclude Include="include\particle\shape\ConeShape.h">
      <Filter>04_Particle\ヘッダーファイル\shape</Filter>
    </ClInclude>
    <ClInclude Include="include\particle\shape\EmitterShape.h">
      <Filter>04_Particle\ヘッダーファイル\shape</Filter>
    </ClInclude>
    <ClInclude Include="include\particle\shape\SphereShape.h">
      <Filter>04_Particle\ヘッダーファイル\shape</Filter>
    </ClInclude>
    <ClInclude Include="include\input\Input.h">
      <Filter>05_Input\ヘッダーファイル</Filter>
    </ClInclude>
    <ClInclude Include="include\input\Mouse.h">
      <Filter>05_Input\ヘッダーファイル</Filter>
    </ClInclude>
    <ClInclude Include="include\entity\GameObject.h">
      <Filter>06_Entity</Filter>
    </ClInclude>
    <ClInclude Include="include\entity\Transform.h">
      <Filter>06_Entity</Filter>
    </ClInclude>
    <ClInclude Include="include\math\Easing.h">
      <Filter>07_Math</Filter>
    </ClInclude>
    <ClInclude Include="include\math\Matrix2x2.h">
      <Filter>07_Math</Filter>
    </ClInclude>
    <ClInclude Include="include\math\Matrix3x3.h">
      <Filter>07_Math</Filter>
    </ClInclude>
    <ClInclude Include="include\math\Matrix4x4.h">
      <Filter>07_Math</Filter>
    </ClInclude>
    <ClInclude Include="include\math\PerlinNoise.h">
      <Filter>07_Math</Filter>
    </ClInclude>
    <ClInclude Include="include\math\PerlinNoise3D.h">
      <Filter>07_Math</Filter>
    </ClInclude>
    <ClInclude Include="include\math\Quaternion.h">
      <Filter>07_Math</Filter>
    </ClInclude>
    <ClInclude Include="include\math\Vector3.h">
      <Filter>07_Math</Filter>
    </ClInclude>
    <ClInclude Include="include\scene\Game.h">
      <Filter>08_Scene\ヘッダーファイル</Filter>
    </ClInclude>
    <ClInclude Include="include\scene\Manager.h">
      <Filter>08_Scene\ヘッダーファイル</Filter>
    </ClInclude>
    <ClInclude Include="include\scene\Result.h">
      <Filter>08_Scene\ヘッダーファイル</Filter>
    </ClInclude>
    <ClInclude Include="include\scene\Scene.h">
      <Filter>08_Scene\ヘッダーファイル</Filter>
    </ClInclude>
    <ClInclude Include="include\scene\Title.h">
      <Filter>08_Scene\ヘッダーファイル</Filter>
    </ClInclude>
    <ClInclude Include="include\component\renderer\LightComponent.h">
      <Filter>09_Component\renderer\ヘッダーファイル</Filter>
    </ClInclude>
    <ClInclude Include="include\component\renderer\MeshRendererComponent.h">
      <Filter>09_Component\renderer\ヘッダーファイル</Filter>
    </ClInclude>
    <ClInclude Include="include\component\renderer\ModelRendererComponent.h">
      <Filter>09_Component\renderer\ヘッダーファイル</Filter>
    </ClInclude>
    <ClInclude Include="include\component\renderer\RendererComponent.h">
      <Filter>09_Component\renderer\ヘッダーファイル</Filter>
    </ClInclude>
    <ClInclude Include="include\component\renderer\SpriteRendererComponent.h">
      <Filter>09_Component\renderer\ヘッダーファイル</Filter>
    </ClInclude>
    <ClInclude Include="include\component\AutoDestroy.h">
      <Filter>09_Component\common\ヘッダーファイル</Filter>
    </ClInclude>
    <ClInclude Include="include\component\CameraComponent.h">
      <Filter>09_Component\common\ヘッダーファイル</Filter>
    </ClInclude>
    <ClInclude Include="include\component\CameraOrbitComponent.h">
      <Filter>09_Component\common\ヘッダーファイル</Filter>
    </ClInclude>
    <ClInclude Include="include\component\CameraShakeComponent.h">
      <Filter>09_Component\common\ヘッダーファイル</Filter>
    </ClInclude>
    <ClInclude Include="include\component\ChangeMaterialComponent.h">
      <Filter>09_Component\common\ヘッダーファイル</Filter>
    </ClInclude>
    <ClInclude Include="include\component\Component.h">
      <Filter>09_Component\common\ヘッダーファイル</Filter>
    </ClInclude>
    <ClInclude Include="include\component\MaterialFlashComponent.h">
      <Filter>09_Component\common\ヘッダーファイル</Filter>
    </ClInclude>
    <ClInclude Include="include\component\MovePlayer.h">
      <Filter>09_Component\common\ヘッダーファイル</Filter>
    </ClInclude>
    <ClInclude Include="include\component\PhaseManagerComponent.h">
      <Filter>09_Component\common\ヘッダーファイル</Filter>
    </ClInclude>
    <ClInclude Include="include\component\RotationObjComponent.h">
      <Filter>09_Component\common\ヘッダーファイル</Filter>
    </ClInclude>
    <ClInclude Include="include\component\SimpleFadeComponent.h">
      <Filter>09_Component\common\ヘッダーファイル</Filter>
    </ClInclude>
    <ClInclude Include="include\object\Camera.h">
      <Filter>10_Object\common\ヘッダーファイル</Filter>
    </ClInclude>
    <ClInclude Include="include\object\DirectionalLight.h">
      <Filter>10_Object\common\ヘッダーファイル</Filter>
    </ClInclude>
    <ClInclude Include="include\object\Enemy.h">
      <Filter>10_Object\common\ヘッダーファイル</Filter>
    </ClInclude>
    <ClInclude Include="include\object\Explosion.h">
      <Filter>10_Object\common\ヘッダーファイル</Filter>
    </ClInclude>
    <ClInclude Include="include\object\Fade.h">
      <Filter>10_Object\common\ヘッダーファイル</Filter>
    </ClInclude>
    <ClInclude Include="include\object\Field.h">
      <Filter>10_Object\common\ヘッダーファイル</Filter>
    </ClInclude>
    <ClInclude Include="include\object\FlushRogo.h">
      <Filter>10_Object\common\ヘッダーファイル</Filter>
    </ClInclude>
    <ClInclude Include="include\object\Player.h">
      <Filter>10_Object\common\ヘッダーファイル</Filter>
    </ClInclude>
    <ClInclude Include="include\object\PointLight.h">
      <Filter>10_Object\common\ヘッダーファイル</Filter>
    </ClInclude>
    <ClInclude Include="include\object\Polygon.h">
      <Filter>10_Object\common\ヘッダーファイル</Filter>
    </ClInclude>
    <ClInclude Include="include\object\ResultRogo.h">
      <Filter>10_Object\common\ヘッダーファイル</Filter>
    </ClInclude>
    <ClInclude Include="include\object\SkyDome.h">
      <Filter>10_Object\common\ヘッダーファイル</Filter>
    </ClInclude>
    <ClInclude Include="include\object\TitleRogo.h">
      <Filter>10_Object\common\ヘッダーファイル</Filter>
    </ClInclude>
    <ClInclude Include="include\object\Tree.h">
      <Filter>10_Object\common\ヘッダーファイル</Filter>
    </ClInclude>
    <ClInclude Include="include\object\particle\ChocolateFountainParticle.h">
      <Filter>10_Object\particle\ヘッダーファイル</Filter>
    </ClInclude>
    <ClInclude Include="include\title\component\PandaAnimationComponent.h">
      <Filter>11_Title\component\ヘッダーファイル</Filter>
    </ClInclude>
    <ClInclude Include="include\title\component\SplineComponent.h">
      <Filter>11_Title\component\ヘッダーファイル</Filter>
    </ClInclude>
    <ClInclude Include="include\title\component\SplineMoveComponent.h">
      <Filter>11_Title\component\ヘッダーファイル</Filter>
    </ClInclude>
    <ClInclude Include="include\title\component\TitleSweetsGenerateComponent.h">
      <Filter>11_Title\component\ヘッダーファイル</Filter>
    </ClInclude>
    <ClInclude Include="include\title\object\Panda.h">
      <Filter>11_Title\object\ヘッダーファイル</Filter>
    </ClInclude>
    <ClInclude Include="include\title\object\River.h">
      <Filter>11_Title\object\ヘッダーファイル</Filter>
    </ClInclude>
    <ClInclude Include="include\title\object\Shore.h">
      <Filter>11_Title\object\ヘッダーファイル</Filter>
    </ClInclude>
    <ClInclude Include="include\title\object\Spline.h">
      <Filter>11_Title\object\ヘッダーファイル</Filter>
    </ClInclude>
    <ClInclude Include="include\title\object\TitleSweets.h">
      <Filter>11_Title\object\ヘッダーファイル</Filter>
    </ClInclude>
    <ClInclude Include="include\title\object\TitleSweetsGenerator.h">
      <Filter>11_Title\object\ヘッダーファイル</Filter>
    </ClInclude>
    <ClInclude Include="include\title\object\WaterFall.h">
      <Filter>11_Title\object\ヘッダーファイル</Filter>
    </ClInclude>
    <ClInclude Include="include\game\SweetsData.h">
      <Filter>12_Game\header</Filter>
    </ClInclude>
    <ClInclude Include="include\game\system\BSPSystem.h">
      <Filter>12_Game\system</Filter>
    </ClInclude>
    <ClInclude Include="include\EngineTime.h" />
    <ClInclude Include="include\Main.h" />
    <ClInclude Include="include\game\component\CountDownUIComponent.h">
      <Filter>12_Game\component\ヘッダーファイル</Filter>
    </ClInclude>
    <ClInclude Include="include\game\component\EnemyMoveComponent.h">
      <Filter>12_Game\component\ヘッダーファイル</Filter>
    </ClInclude>
    <ClInclude Include="include\game\component\GenerateMapComponent.h">
      <Filter>12_Game\component\ヘッダーファイル</Filter>
    </ClInclude>
    <ClInclude Include="include\game\component\GoalComponent.h">
      <Filter>12_Game\component\ヘッダーファイル</Filter>
    </ClInclude>
    <ClInclude Include="include\game\component\LookAtTargetComponent.h">
      <Filter>12_Game\component\ヘッダーファイル</Filter>
    </ClInclude>
    <ClInclude Include="include\game\component\PlayerAnimComponent.h">
      <Filter>12_Game\component\ヘッダーファイル</Filter>
    </ClInclude>
    <ClInclude Include="include\game\component\ScoreManagerComponent.h">
      <Filter>12_Game\component\ヘッダーファイル</Filter>
    </ClInclude>
    <ClInclude Include="include\game\component\ScoreUIComponent.h">
      <Filter>12_Game\component\ヘッダーファイル</Filter>
    </ClInclude>
    <ClInclude Include="include\game\component\SweetsComponent.h">
      <Filter>12_Game\component\ヘッダーファイル</Filter>
    </ClInclude>
    <ClInclude Include="include\game\component\SweetsFloatRotateComponent.h">
      <Filter>12_Game\component\ヘッダーファイル</Filter>
    </ClInclude>
    <ClInclude Include="include\game\component\SweetsManagementComponent.h">
      <Filter>12_Game\component\ヘッダーファイル</Filter>
    </ClInclude>
    <ClInclude Include="include\game\component\SweetsShootComponent.h">
      <Filter>12_Game\component\ヘッダーファイル</Filter>
    </ClInclude>
    <ClInclude Include="include\game\component\SweetsSpawnComponent.h">
      <Filter>12_Game\component\ヘッダーファイル</Filter>
    </ClInclude>
    <ClInclude Include="include\game\component\TimerManagerComponent.h">
      <Filter>12_Game\component\ヘッダーファイル</Filter>
    </ClInclude>
    <ClInclude Include="include\game\component\TimerUIComponent.h">
      <Filter>12_Game\component\ヘッダーファイル</Filter>
    </ClInclude>
    <ClInclude Include="include\game\component\TimeUpUIComponent.h">
      <Filter>12_Game\component\ヘッダーファイル</Filter>
    </ClInclude>
    <ClInclude Include="include\game\component\WeightUIComponent.h">
      <Filter>12_Game\component\ヘッダーファイル</Filter>
    </ClInclude>
    <ClInclude Include="include\game\object\CountDownUI.h">
      <Filter>12_Game\object\ヘッダーファイル</Filter>
    </ClInclude>
    <ClInclude Include="include\game\object\Goal.h">
      <Filter>12_Game\object\ヘッダーファイル</Filter>
    </ClInclude>
    <ClInclude Include="include\game\object\MapGenerater.h">
      <Filter>12_Game\object\ヘッダーファイル</Filter>
    </ClInclude>
    <ClInclude Include="include\game\object\ScoreUI.h">
      <Filter>12_Game\object\ヘッダーファイル</Filter>
    </ClInclude>
    <ClInclude Include="include\game\object\Sweets.h">
      <Filter>12_Game\object\ヘッダーファイル</Filter>
    </ClInclude>
    <ClInclude Include="include\game\object\Timer.h">
      <Filter>12_Game\object\ヘッダーファイル</Filter>
    </ClInclude>
    <ClInclude Include="include\game\object\TimeUpUI.h">
      <Filter>12_Game\object\ヘッダーファイル</Filter>
    </ClInclude>
    <ClInclude Include="include\game\object\Wall.h">
      <Filter>12_Game\object\ヘッダーファイル</Filter>
    </ClInclude>
    <ClInclude Include="include\game\object\WeightUI.h">
      <Filter>12_Game\object\ヘッダーファイル</Filter>
    </ClInclude>
    <ClInclude Include="include\result\component\ResultSweetsSpawnComponent.h">
      <Filter>13_Result\component\ヘッダーファイル</Filter>
    </ClInclude>
    <ClInclude Include="include\result\object\ResultSweetsSpawner.h">
      <Filter>13_Result\object\ヘッダーファイル</Filter>
    </ClInclude>
    <ClInclude Include="include\result\component\ResultPandaAnimationComponent.h">
      <Filter>13_Result\component\ヘッダーファイル</Filter>
    </ClInclude>
    <ClInclude Include="include\result\object\ResultPanda.h">
      <Filter>13_Result\object\ヘッダーファイル</Filter>
    </ClInclude>
    <ClInclude Include="include\result\component\ResultScoreUIComponent.h">
      <Filter>13_Result\component\ヘッダーファイル</Filter>
    </ClInclude>
    <ClInclude Include="include\result\object\ResultScoreUI.h">
      <Filter>13_Result\object\ヘッダーファイル</Filter>
    </ClInclude>
    <ClInclude Include="include\component\UIAnimatorComponent.h">
      <Filter>09_Component\common\ヘッダーファイル</Filter>
    </ClInclude>
    <ClInclude Include="include\tutorial\component\TutorialUIManagerComponent.h">
      <Filter>14_Tutorial\component\ヘッダーファイル</Filter>
    </ClInclude>
    <ClInclude Include="include\tutorial\component\TutorialManagerComponent.h">
      <Filter>14_Tutorial\component\ヘッダーファイル</Filter>
    </ClInclude>
    <ClInclude Include="include\tutorial\TutorialState.h">
      <Filter>14_Tutorial\header</Filter>
    </ClInclude>
    <ClInclude Include="include\tutorial\object\TutorialUIManager.h">
      <Filter>14_Tutorial\object\ヘッダーファイル</Filter>
    </ClInclude>
    <ClInclude Include="include\tutorial\component\TutorialSweetsComponent.h">
      <Filter>14_Tutorial\component\ヘッダーファイル</Filter>
    </ClInclude>
    <ClInclude Include="include\tutorial\object\TutorialManager.h">
      <Filter>14_Tutorial\object\ヘッダーファイル</Filter>
    </ClInclude>
    <ClInclude Include="include\tutorial\component\TutorialGoalComponent.h">
      <Filter>14_Tutorial\component\ヘッダーファイル</Filter>
    </ClInclude>
    <ClInclude Include="include\scene\Tutorial.h">
      <Filter>08_Scene\ヘッダーファイル</Filter>
    </ClInclude>
    <ClInclude Include="include\component\renderer\OutlineRendererComponent.h">
      <Filter>09_Component\renderer\ヘッダーファイル</Filter>
    </ClInclude>
    <ClInclude Include="include\object\particle\GoalHitParticle.h">
      <Filter>10_Object\particle\ヘッダーファイル</Filter>
    </ClInclude>
    <ClInclude Include="include\tutorial\component\TutorialWeightUIComponent.h">
      <Filter>14_Tutorial\component\ヘッダーファイル</Filter>
    </ClInclude>
    <ClInclude Include="include\game\object\RotateBoard.h">
      <Filter>12_Game\object\ヘッダーファイル</Filter>
    </ClInclude>
    <ClInclude Include="include\game\object\Block.h">
      <Filter>12_Game\object\ヘッダーファイル</Filter>
    </ClInclude>
    <ClInclude Include="include\game\component\RotateBoardComponent.h">
      <Filter>12_Game\component\ヘッダーファイル</Filter>
    </ClInclude>
    <ClInclude Include="include\input\GamePad.h">
      <Filter>05_Input\ヘッダーファイル</Filter>
    </ClInclude>
    <ClInclude Include="include\audio.h" />
    <ClInclude Include="include\imgui\imconfig.h">
      <Filter>99_ImGui\ヘッダーファイル</Filter>
    </ClInclude>
    <ClInclude Include="include\imgui\imgui.h">
      <Filter>99_ImGui\ヘッダーファイル</Filter>
    </ClInclude>
    <ClInclude Include="include\imgui\imgui_impl_dx11.h">
      <Filter>99_ImGui\ヘッダーファイル</Filter>
    </ClInclude>
    <ClInclude Include="include\imgui\imgui_impl_win32.h">
      <Filter>99_ImGui\ヘッダーファイル</Filter>
    </ClInclude>
    <ClInclude Include="include\imgui\imgui_internal.h">
      <Filter>99_ImGui\ヘッダーファイル</Filter>
    </ClInclude>
    <ClInclude Include="include\imgui\imstb_rectpack.h">
      <Filter>99_ImGui\ヘッダーファイル</Filter>
    </ClInclude>
    <ClInclude Include="include\imgui\imstb_textedit.h">
      <Filter>99_ImGui\ヘッダーファイル</Filter>
    </ClInclude>
    <ClInclude Include="include\imgui\imstb_truetype.h">
      <Filter>99_ImGui\ヘッダーファイル</Filter>
    </ClInclude>
    <ClInclude Include="include\physics\joint\Joint3D.h">
      <Filter>03_Physics\Joint\ヘッダーファイル</Filter>
    </ClInclude>
    <ClInclude Include="include\physics\joint\DistanceJoint3D.h">
      <Filter>03_Physics\Joint\ヘッダーファイル</Filter>
    </ClInclude>
    <ClInclude Include="include\physics\joint\JointManager3D.h">
      <Filter>03_Physics\Joint\ヘッダーファイル</Filter>
    </ClInclude>
  </ItemGroup>
  <ItemGroup>
    <FxCompile Include="shader\unlitTexturePS.hlsl">
      <Filter>01_Shader</Filter>
    </FxCompile>
    <FxCompile Include="shader\unlitTextureVS.hlsl">
      <Filter>01_Shader</Filter>
    </FxCompile>
    <FxCompile Include="shader\basicLightingPS.hlsl">
      <Filter>01_Shader</Filter>
    </FxCompile>
    <FxCompile Include="shader\basicLightingVS.hlsl">
      <Filter>01_Shader</Filter>
    </FxCompile>
    <FxCompile Include="shader\CircleWipePS.hlsl">
      <Filter>01_Shader</Filter>
    </FxCompile>
    <FxCompile Include="shader\CircleWipeVS.hlsl">
      <Filter>01_Shader</Filter>
    </FxCompile>
    <FxCompile Include="shader\common.hlsl">
      <Filter>01_Shader</Filter>
    </FxCompile>
    <FxCompile Include="shader\debugLinePS.hlsl">
      <Filter>01_Shader</Filter>
    </FxCompile>
    <FxCompile Include="shader\debugLineVS.hlsl">
      <Filter>01_Shader</Filter>
    </FxCompile>
    <FxCompile Include="shader\FadeInOutPS.hlsl">
      <Filter>01_Shader</Filter>
    </FxCompile>
    <FxCompile Include="shader\FadeInOutVS.hlsl">
      <Filter>01_Shader</Filter>
    </FxCompile>
    <FxCompile Include="shader\lighting.hlsl">
      <Filter>01_Shader</Filter>
    </FxCompile>
    <FxCompile Include="shader\OutlineVS.hlsl">
      <Filter>01_Shader</Filter>
    </FxCompile>
    <FxCompile Include="shader\OutlinePS.hlsl">
      <Filter>01_Shader</Filter>
    </FxCompile>
  </ItemGroup>
  <ItemGroup>
    <ClCompile Include="src\renderer\CameraSystem.cpp">
      <Filter>02_Renderer\ソースファイル</Filter>
    </ClCompile>
    <ClCompile Include="src\renderer\LightManager.cpp">
      <Filter>02_Renderer\ソースファイル</Filter>
    </ClCompile>
    <ClCompile Include="src\renderer\LSystem.cpp">
      <Filter>02_Renderer\ソースファイル</Filter>
    </ClCompile>
    <ClCompile Include="src\renderer\MaterialManager.cpp">
      <Filter>02_Renderer\ソースファイル</Filter>
    </ClCompile>
    <ClCompile Include="src\renderer\MeshFactory.cpp">
      <Filter>02_Renderer\ソースファイル</Filter>
    </ClCompile>
    <ClCompile Include="src\renderer\ModelRenderer.cpp">
      <Filter>02_Renderer\ソースファイル</Filter>
    </ClCompile>
    <ClCompile Include="src\renderer\Renderer.cpp">
      <Filter>02_Renderer\ソースファイル</Filter>
    </ClCompile>
    <ClCompile Include="src\renderer\ShaderManager.cpp">
      <Filter>02_Renderer\ソースファイル</Filter>
    </ClCompile>
    <ClCompile Include="src\renderer\TextureManager.cpp">
      <Filter>02_Renderer\ソースファイル</Filter>
    </ClCompile>
    <ClCompile Include="src\renderer\TreeGenerator.cpp">
      <Filter>02_Renderer\ソースファイル</Filter>
    </ClCompile>
    <ClCompile Include="src\physics\BoxCollider3D.cpp">
      <Filter>03_Physics\ソースファイル</Filter>
    </ClCompile>
    <ClCompile Include="src\physics\ContactManager.cpp">
      <Filter>03_Physics\ソースファイル</Filter>
    </ClCompile>
    <ClCompile Include="src\physics\Physics3D.cpp">
      <Filter>03_Physics\ソースファイル</Filter>
    </ClCompile>
    <ClCompile Include="src\physics\PhysicsBroadPhase3D.cpp">
      <Filter>03_Physics\ソースファイル</Filter>
    </ClCompile>
    <ClCompile Include="src\physics\PhysicsContactEvent3D.cpp">
      <Filter>03_Physics\ソースファイル</Filter>
    </ClCompile>
    <ClCompile Include="src\physics\PhysicsContactManifold3D.cpp">
      <Filter>03_Physics\ソースファイル</Filter>
    </ClCompile>
    <ClCompile Include="src\physics\PhysicsContactSolver3D.cpp">
      <Filter>03_Physics\ソースファイル</Filter>
    </ClCompile>
    <ClCompile Include="src\physics\PhysicsDebugDraw3D.cpp">
      <Filter>03_Physics\ソースファイル</Filter>
    </ClCompile>
    <ClCompile Include="src\physics\PhysicsNarrowPhase3D.cpp">
      <Filter>03_Physics\ソースファイル</Filter>
    </ClCompile>
    <ClCompile Include="src\physics\PhysicsQuery3D.cpp">
      <Filter>03_Physics\ソースファイル</Filter>
    </ClCompile>
    <ClCompile Include="src\physics\PhysicsRigidBodyRegistry3D.cpp">
      <Filter>03_Physics\ソースファイル</Filter>
    </ClCompile>
    <ClCompile Include="src\physics\PhysicsSolver3D.cpp">
      <Filter>03_Physics\ソースファイル</Filter>
    </ClCompile>
    <ClCompile Include="src\physics\RigidBody.cpp">
      <Filter>03_Physics\ソースファイル</Filter>
    </ClCompile>
    <ClCompile Include="src\physics\SphererCollider.cpp">
      <Filter>03_Physics\ソースファイル</Filter>
    </ClCompile>
    <ClCompile Include="src\particle\ParticleEmitter.cpp">
      <Filter>04_Particle\ソースファイル</Filter>
    </ClCompile>
    <ClCompile Include="src\particle\ParticleRendere.cpp">
      <Filter>04_Particle\ソースファイル</Filter>
    </ClCompile>
    <ClCompile Include="src\particle\ParticleSystemComponent.cpp">
      <Filter>04_Particle\ソースファイル</Filter>
    </ClCompile>
    <ClCompile Include="src\input\Input.cpp">
      <Filter>05_Input\ソースファイル</Filter>
    </ClCompile>
    <ClCompile Include="src\input\Mouse.cpp">
      <Filter>05_Input\ソースファイル</Filter>
    </ClCompile>
    <ClCompile Include="src\math\Matrix3x3.cpp">
      <Filter>07_Math</Filter>
    </ClCompile>
    <ClCompile Include="src\math\Matrix4x4.cpp">
      <Filter>07_Math</Filter>
    </ClCompile>
    <ClCompile Include="src\scene\Game.cpp">
      <Filter>08_Scene\ソースファイル</Filter>
    </ClCompile>
    <ClCompile Include="src\scene\Manager.cpp">
      <Filter>08_Scene\ソースファイル</Filter>
    </ClCompile>
    <ClCompile Include="src\scene\Result.cpp">
      <Filter>08_Scene\ソースファイル</Filter>
    </ClCompile>
    <ClCompile Include="src\scene\Scene.cpp">
      <Filter>08_Scene\ソースファイル</Filter>
    </ClCompile>
    <ClCompile Include="src\scene\Title.cpp">
      <Filter>08_Scene\ソースファイル</Filter>
    </ClCompile>
    <ClCompile Include="src\component\renderer\LightComponent.cpp">
      <Filter>09_Component\renderer\ソースファイル</Filter>
    </ClCompile>
    <ClCompile Include="src\component\renderer\MeshRendererComponent.cpp">
      <Filter>09_Component\renderer\ソースファイル</Filter>
    </ClCompile>
    <ClCompile Include="src\component\renderer\ModelRendererComponent.cpp">
      <Filter>09_Component\renderer\ソースファイル</Filter>
    </ClCompile>
    <ClCompile Include="src\component\renderer\SpriteRendererComponent.cpp">
      <Filter>09_Component\renderer\ソースファイル</Filter>
    </ClCompile>
    <ClCompile Include="src\component\AutoDestroy.cpp">
      <Filter>09_Component\common\ソースファイル</Filter>
    </ClCompile>
    <ClCompile Include="src\component\CameraComponent.cpp">
      <Filter>09_Component\common\ソースファイル</Filter>
    </ClCompile>
    <ClCompile Include="src\component\CameraOrbitComponent.cpp">
      <Filter>09_Component\common\ソースファイル</Filter>
    </ClCompile>
    <ClCompile Include="src\component\CameraShakeComponent.cpp">
      <Filter>09_Component\common\ソースファイル</Filter>
    </ClCompile>
    <ClCompile Include="src\component\ChangeMaterialComponent.cpp">
      <Filter>09_Component\common\ソースファイル</Filter>
    </ClCompile>
    <ClCompile Include="src\component\MaterialFlashComponent.cpp">
      <Filter>09_Component\common\ソースファイル</Filter>
    </ClCompile>
    <ClCompile Include="src\component\MovePlayer.cpp">
      <Filter>09_Component\common\ソースファイル</Filter>
    </ClCompile>
    <ClCompile Include="src\component\RotationObjComponent.cpp">
      <Filter>09_Component\common\ソースファイル</Filter>
    </ClCompile>
    <ClCompile Include="src\component\SimpleFadeComponent.cpp">
      <Filter>09_Component\common\ソースファイル</Filter>
    </ClCompile>
    <ClCompile Include="src\object\Camera.cpp">
      <Filter>10_Object\common\ソースファイル</Filter>
    </ClCompile>
    <ClCompile Include="src\object\DirectionalLight.cpp">
      <Filter>10_Object\common\ソースファイル</Filter>
    </ClCompile>
    <ClCompile Include="src\object\Enemy.cpp">
      <Filter>10_Object\common\ソースファイル</Filter>
    </ClCompile>
    <ClCompile Include="src\object\Explosion.cpp">
      <Filter>10_Object\common\ソースファイル</Filter>
    </ClCompile>
    <ClCompile Include="src\object\Fade.cpp">
      <Filter>10_Object\common\ソースファイル</Filter>
    </ClCompile>
    <ClCompile Include="src\object\Field.cpp">
      <Filter>10_Object\common\ソースファイル</Filter>
    </ClCompile>
    <ClCompile Include="src\object\FlushRogo.cpp">
      <Filter>10_Object\common\ソースファイル</Filter>
    </ClCompile>
    <ClCompile Include="src\object\Player.cpp">
      <Filter>10_Object\common\ソースファイル</Filter>
    </ClCompile>
    <ClCompile Include="src\object\PointLight.cpp">
      <Filter>10_Object\common\ソースファイル</Filter>
    </ClCompile>
    <ClCompile Include="src\object\Polygon.cpp">
      <Filter>10_Object\common\ソースファイル</Filter>
    </ClCompile>
    <ClCompile Include="src\object\ResultRogo.cpp">
      <Filter>10_Object\common\ソースファイル</Filter>
    </ClCompile>
    <ClCompile Include="src\object\SkyDome.cpp">
      <Filter>10_Object\common\ソースファイル</Filter>
    </ClCompile>
    <ClCompile Include="src\object\TitleRogo.cpp">
      <Filter>10_Object\common\ソースファイル</Filter>
    </ClCompile>
    <ClCompile Include="src\object\Tree.cpp">
      <Filter>10_Object\common\ソースファイル</Filter>
    </ClCompile>
    <ClCompile Include="src\object\particle\ChocolateFountainParticle.cpp">
      <Filter>10_Object\particle\ソースファイル</Filter>
    </ClCompile>
    <ClCompile Include="src\title\object\Panda.cpp">
      <Filter>11_Title\object\ソースファイル</Filter>
    </ClCompile>
    <ClCompile Include="src\title\object\River.cpp">
      <Filter>11_Title\object\ソースファイル</Filter>
    </ClCompile>
    <ClCompile Include="src\title\object\Shore.cpp">
      <Filter>11_Title\object\ソースファイル</Filter>
    </ClCompile>
    <ClCompile Include="src\title\object\Spline.cpp">
      <Filter>11_Title\object\ソースファイル</Filter>
    </ClCompile>
    <ClCompile Include="src\title\object\TitleSweets.cpp">
      <Filter>11_Title\object\ソースファイル</Filter>
    </ClCompile>
    <ClCompile Include="src\title\object\TitleSweetsGenerator.cpp">
      <Filter>11_Title\object\ソースファイル</Filter>
    </ClCompile>
    <ClCompile Include="src\title\object\WaterFall.cpp">
      <Filter>11_Title\object\ソースファイル</Filter>
    </ClCompile>
    <ClCompile Include="src\title\component\PandaAnimationComponent.cpp">
      <Filter>11_Title\component\ソースファイル</Filter>
    </ClCompile>
    <ClCompile Include="src\title\component\SplineComponent.cpp">
      <Filter>11_Title\component\ソースファイル</Filter>
    </ClCompile>
    <ClCompile Include="src\title\component\SplineMoveComponent.cpp">
      <Filter>11_Title\component\ソースファイル</Filter>
    </ClCompile>
    <ClCompile Include="src\title\component\TitleSweetsGenerateComponent.cpp">
      <Filter>11_Title\component\ソースファイル</Filter>
    </ClCompile>
    <ClCompile Include="src\game\component\CountDownUIComponent.cpp">
      <Filter>12_Game\component\ソースファイル</Filter>
    </ClCompile>
    <ClCompile Include="src\game\component\EnemyMoveComponent.cpp">
      <Filter>12_Game\component\ソースファイル</Filter>
    </ClCompile>
    <ClCompile Include="src\game\component\GenerateMapComponent.cpp">
      <Filter>12_Game\component\ソースファイル</Filter>
    </ClCompile>
    <ClCompile Include="src\game\component\GoalComponent.cpp">
      <Filter>12_Game\component\ソースファイル</Filter>
    </ClCompile>
    <ClCompile Include="src\game\component\LookAtTargetComponent.cpp">
      <Filter>12_Game\component\ソースファイル</Filter>
    </ClCompile>
    <ClCompile Include="src\game\component\PlayerAnimComponent.cpp">
      <Filter>12_Game\component\ソースファイル</Filter>
    </ClCompile>
    <ClCompile Include="src\game\component\ScoreManagerComponent.cpp">
      <Filter>12_Game\component\ソースファイル</Filter>
    </ClCompile>
    <ClCompile Include="src\game\component\ScoreUIComponent.cpp">
      <Filter>12_Game\component\ソースファイル</Filter>
    </ClCompile>
    <ClCompile Include="src\game\component\SweetsFloatRotateComponent.cpp">
      <Filter>12_Game\component\ソースファイル</Filter>
    </ClCompile>
    <ClCompile Include="src\game\component\SweetsManagementComponent.cpp">
      <Filter>12_Game\component\ソースファイル</Filter>
    </ClCompile>
    <ClCompile Include="src\game\component\SweetsShootComponent.cpp">
      <Filter>12_Game\component\ソースファイル</Filter>
    </ClCompile>
    <ClCompile Include="src\game\component\SweetsSpawnComponent.cpp">
      <Filter>12_Game\component\ソースファイル</Filter>
    </ClCompile>
    <ClCompile Include="src\game\component\TimerManagetComponent.cpp">
      <Filter>12_Game\component\ソースファイル</Filter>
    </ClCompile>
    <ClCompile Include="src\game\component\TimerUIComponent.cpp">
      <Filter>12_Game\component\ソースファイル</Filter>
    </ClCompile>
    <ClCompile Include="src\game\component\TimeUpUIComponent.cpp">
      <Filter>12_Game\component\ソースファイル</Filter>
    </ClCompile>
    <ClCompile Include="src\game\component\WeightUIComponent.cpp">
      <Filter>12_Game\component\ソースファイル</Filter>
    </ClCompile>
    <ClCompile Include="src\game\object\CountDownUI.cpp">
      <Filter>12_Game\object\ソースファイル</Filter>
    </ClCompile>
    <ClCompile Include="src\game\object\Goal.cpp">
      <Filter>12_Game\object\ソースファイル</Filter>
    </ClCompile>
    <ClCompile Include="src\game\object\MapGenerater.cpp">
      <Filter>12_Game\object\ソースファイル</Filter>
    </ClCompile>
    <ClCompile Include="src\game\object\ScoreUI.cpp">
      <Filter>12_Game\object\ソースファイル</Filter>
    </ClCompile>
    <ClCompile Include="src\game\object\Sweets.cpp">
      <Filter>12_Game\object\ソースファイル</Filter>
    </ClCompile>
    <ClCompile Include="src\game\object\Timer.cpp">
      <Filter>12_Game\object\ソースファイル</Filter>
    </ClCompile>
    <ClCompile Include="src\game\object\TimeUpUI.cpp">
      <Filter>12_Game\object\ソースファイル</Filter>
    </ClCompile>
    <ClCompile Include="src\game\object\Wall.cpp">
      <Filter>12_Game\object\ソースファイル</Filter>
    </ClCompile>
    <ClCompile Include="src\game\object\WeightUI.cpp">
      <Filter>12_Game\object\ソースファイル</Filter>
    </ClCompile>
    <ClCompile Include="src\game\component\SweetsComponent.cpp">
      <Filter>12_Game\object\ソースファイル</Filter>
    </ClCompile>
    <ClCompile Include="src\EngineTime.cpp" />
    <ClCompile Include="Main.cpp" />
    <ClCompile Include="src\result\component\ResultSweetsSpawnComponent.cpp">
      <Filter>13_Result\component\ソースファイル</Filter>
    </ClCompile>
    <ClCompile Include="src\result\object\ResultSweetsSpawner.cpp">
      <Filter>13_Result\object\ソースファイル</Filter>
    </ClCompile>
    <ClCompile Include="src\result\component\ResultPandaAnimationComponent.cpp">
      <Filter>13_Result\component\ソースファイル</Filter>
    </ClCompile>
    <ClCompile Include="src\result\object\ResultPanda.cpp">
      <Filter>13_Result\object\ソースファイル</Filter>
    </ClCompile>
    <ClCompile Include="src\result\component\ResultScoreUIComponent.cpp">
      <Filter>13_Result\component\ソースファイル</Filter>
    </ClCompile>
    <ClCompile Include="src\result\object\ResultScoreUI.cpp">
      <Filter>13_Result\object\ソースファイル</Filter>
    </ClCompile>
    <ClCompile Include="src\component\UIAnimatorComponent.cpp">
      <Filter>09_Component\common\ソースファイル</Filter>
    </ClCompile>
    <ClCompile Include="src\tutorial\component\TutorialUIManagerComponent.cpp">
      <Filter>14_Tutorial\component\ソースファイル</Filter>
    </ClCompile>
    <ClCompile Include="src\tutorial\component\TutorialManagerComponent.cpp">
      <Filter>14_Tutorial\component\ソースファイル</Filter>
    </ClCompile>
    <ClCompile Include="src\tutorial\object\TutorialUIManager.cpp">
      <Filter>14_Tutorial\object\ソースファイル</Filter>
    </ClCompile>
    <ClCompile Include="src\tutorial\component\TutorialSweetsComponent.cpp">
      <Filter>14_Tutorial\component\ソースファイル</Filter>
    </ClCompile>
    <ClCompile Include="src\tutorial\object\TutorialManager.cpp">
      <Filter>14_Tutorial\object\ソースファイル</Filter>
    </ClCompile>
    <ClCompile Include="src\tutorial\component\TutorialGoalComponent.cpp">
      <Filter>14_Tutorial\component\ソースファイル</Filter>
    </ClCompile>
    <ClCompile Include="src\scene\Tutorial.cpp">
      <Filter>08_Scene\ソースファイル</Filter>
    </ClCompile>
    <ClCompile Include="src\component\renderer\OutlineRendererComponent.cpp">
      <Filter>09_Component\renderer\ソースファイル</Filter>
    </ClCompile>
    <ClCompile Include="src\object\particle\GoalHitParticle.cpp">
      <Filter>10_Object\particle\ソースファイル</Filter>
    </ClCompile>
    <ClCompile Include="src\tutorial\component\TutorialWeightUIComponent.cpp">
      <Filter>14_Tutorial\component\ソースファイル</Filter>
    </ClCompile>
    <ClCompile Include="src\game\object\RotateBoard.cpp">
      <Filter>12_Game\object\ソースファイル</Filter>
    </ClCompile>
    <ClCompile Include="src\game\object\Block.cpp">
      <Filter>12_Game\object\ソースファイル</Filter>
    </ClCompile>
    <ClCompile Include="src\game\component\RotateBoardComponent.cpp">
      <Filter>12_Game\component\ソースファイル</Filter>
    </ClCompile>
    <ClCompile Include="src\input\GamePad.cpp">
      <Filter>05_Input\ソースファイル</Filter>
    </ClCompile>
    <ClCompile Include="src\audio.cpp" />
    <ClCompile Include="src\imgui\imgui.cpp">
      <Filter>99_ImGui\ソースファイル</Filter>
    </ClCompile>
    <ClCompile Include="src\imgui\imgui_demo.cpp">
      <Filter>99_ImGui\ソースファイル</Filter>
    </ClCompile>
    <ClCompile Include="src\imgui\imgui_draw.cpp">
      <Filter>99_ImGui\ソースファイル</Filter>
    </ClCompile>
    <ClCompile Include="src\imgui\imgui_impl_dx11.cpp">
      <Filter>99_ImGui\ソースファイル</Filter>
    </ClCompile>
    <ClCompile Include="src\imgui\imgui_impl_win32.cpp">
      <Filter>99_ImGui\ソースファイル</Filter>
    </ClCompile>
    <ClCompile Include="src\imgui\imgui_tables.cpp">
      <Filter>99_ImGui\ソースファイル</Filter>
    </ClCompile>
    <ClCompile Include="src\imgui\imgui_widgets.cpp">
      <Filter>99_ImGui\ソースファイル</Filter>
    </ClCompile>
    <ClCompile Include="src\physics\joint\DistanceJoint3D.cpp">
      <Filter>03_Physics\Joint\ソースファイル</Filter>
    </ClCompile>
    <ClCompile Include="src\physics\joint\JointManager3D.cpp">
      <Filter>03_Physics\Joint\ソースファイル</Filter>
    </ClCompile>
  </ItemGroup>
</Project>